
Microsoft Visual Studio Solution File, Format Version 12.00
# Visual Studio 15
VisualStudioVersion = 15.0.27130.0
MinimumVisualStudioVersion = 10.0.40219.1
Project("{FAE04EC0-301F-11D3-BF4B-00C04F79EFBC}") = "BIT_Service_Ver2", "BIT_Service_Ver2\BIT_Service_Ver2.csproj", "{8B2FA4EF-ADBF-4908-AC29-B82853F777AF}"
EndProject
Project("{FAE04EC0-301F-11D3-BF4B-00C04F79EFBC}") = "BITServiceUnitTest", "BITServiceUnitTest\BITServiceUnitTest.csproj", "{90DA6D88-6F64-4786-B7A7-B64A358A7E2A}"
EndProject
Project("{54435603-DBB4-11D2-8724-00A0C9A8B90C}") = "BIT_Service_Installer", "BIT_Service_Installer\BIT_Service_Installer.vdproj", "{9C3B189D-39EB-4B02-A6CE-134C17855CDF}"
EndProject
Global
	GlobalSection(SolutionConfigurationPlatforms) = preSolution
		Debug|Any CPU = Debug|Any CPU
		Debug|ARM = Debug|ARM
		Debug|ARM64 = Debug|ARM64
		Debug|x64 = Debug|x64
		Debug|x86 = Debug|x86
		Release|Any CPU = Release|Any CPU
		Release|ARM = Release|ARM
		Release|ARM64 = Release|ARM64
		Release|x64 = Release|x64
		Release|x86 = Release|x86
	EndGlobalSection
	GlobalSection(ProjectConfigurationPlatforms) = postSolution
		{8B2FA4EF-ADBF-4908-AC29-B82853F777AF}.Debug|Any CPU.ActiveCfg = Debug|Any CPU
		{8B2FA4EF-ADBF-4908-AC29-B82853F777AF}.Debug|Any CPU.Build.0 = Debug|Any CPU
		{8B2FA4EF-ADBF-4908-AC29-B82853F777AF}.Debug|ARM.ActiveCfg = Debug|Any CPU
		{8B2FA4EF-ADBF-4908-AC29-B82853F777AF}.Debug|ARM.Build.0 = Debug|Any CPU
		{8B2FA4EF-ADBF-4908-AC29-B82853F777AF}.Debug|ARM64.ActiveCfg = Debug|Any CPU
		{8B2FA4EF-ADBF-4908-AC29-B82853F777AF}.Debug|ARM64.Build.0 = Debug|Any CPU
		{8B2FA4EF-ADBF-4908-AC29-B82853F777AF}.Debug|x64.ActiveCfg = Debug|Any CPU
		{8B2FA4EF-ADBF-4908-AC29-B82853F777AF}.Debug|x64.Build.0 = Debug|Any CPU
		{8B2FA4EF-ADBF-4908-AC29-B82853F777AF}.Debug|x86.ActiveCfg = Debug|Any CPU
		{8B2FA4EF-ADBF-4908-AC29-B82853F777AF}.Debug|x86.Build.0 = Debug|Any CPU
		{8B2FA4EF-ADBF-4908-AC29-B82853F777AF}.Release|Any CPU.ActiveCfg = Release|Any CPU
		{8B2FA4EF-ADBF-4908-AC29-B82853F777AF}.Release|Any CPU.Build.0 = Release|Any CPU
		{8B2FA4EF-ADBF-4908-AC29-B82853F777AF}.Release|ARM.ActiveCfg = Release|Any CPU
		{8B2FA4EF-ADBF-4908-AC29-B82853F777AF}.Release|ARM.Build.0 = Release|Any CPU
		{8B2FA4EF-ADBF-4908-AC29-B82853F777AF}.Release|ARM64.ActiveCfg = Release|Any CPU
		{8B2FA4EF-ADBF-4908-AC29-B82853F777AF}.Release|ARM64.Build.0 = Release|Any CPU
		{8B2FA4EF-ADBF-4908-AC29-B82853F777AF}.Release|x64.ActiveCfg = Release|Any CPU
		{8B2FA4EF-ADBF-4908-AC29-B82853F777AF}.Release|x64.Build.0 = Release|Any CPU
		{8B2FA4EF-ADBF-4908-AC29-B82853F777AF}.Release|x86.ActiveCfg = Release|Any CPU
		{8B2FA4EF-ADBF-4908-AC29-B82853F777AF}.Release|x86.Build.0 = Release|Any CPU
		{90DA6D88-6F64-4786-B7A7-B64A358A7E2A}.Debug|Any CPU.ActiveCfg = Debug|Any CPU
		{90DA6D88-6F64-4786-B7A7-B64A358A7E2A}.Debug|Any CPU.Build.0 = Debug|Any CPU
		{90DA6D88-6F64-4786-B7A7-B64A358A7E2A}.Debug|ARM.ActiveCfg = Debug|Any CPU
		{90DA6D88-6F64-4786-B7A7-B64A358A7E2A}.Debug|ARM.Build.0 = Debug|Any CPU
		{90DA6D88-6F64-4786-B7A7-B64A358A7E2A}.Debug|ARM64.ActiveCfg = Debug|Any CPU
		{90DA6D88-6F64-4786-B7A7-B64A358A7E2A}.Debug|ARM64.Build.0 = Debug|Any CPU
		{90DA6D88-6F64-4786-B7A7-B64A358A7E2A}.Debug|x64.ActiveCfg = Debug|Any CPU
		{90DA6D88-6F64-4786-B7A7-B64A358A7E2A}.Debug|x64.Build.0 = Debug|Any CPU
		{90DA6D88-6F64-4786-B7A7-B64A358A7E2A}.Debug|x86.ActiveCfg = Debug|Any CPU
		{90DA6D88-6F64-4786-B7A7-B64A358A7E2A}.Debug|x86.Build.0 = Debug|Any CPU
		{90DA6D88-6F64-4786-B7A7-B64A358A7E2A}.Release|Any CPU.ActiveCfg = Release|Any CPU
		{90DA6D88-6F64-4786-B7A7-B64A358A7E2A}.Release|Any CPU.Build.0 = Release|Any CPU
		{90DA6D88-6F64-4786-B7A7-B64A358A7E2A}.Release|ARM.ActiveCfg = Release|Any CPU
		{90DA6D88-6F64-4786-B7A7-B64A358A7E2A}.Release|ARM.Build.0 = Release|Any CPU
		{90DA6D88-6F64-4786-B7A7-B64A358A7E2A}.Release|ARM64.ActiveCfg = Release|Any CPU
		{90DA6D88-6F64-4786-B7A7-B64A358A7E2A}.Release|ARM64.Build.0 = Release|Any CPU
		{90DA6D88-6F64-4786-B7A7-B64A358A7E2A}.Release|x64.ActiveCfg = Release|Any CPU
		{90DA6D88-6F64-4786-B7A7-B64A358A7E2A}.Release|x64.Build.0 = Release|Any CPU
		{90DA6D88-6F64-4786-B7A7-B64A358A7E2A}.Release|x86.ActiveCfg = Release|Any CPU
		{90DA6D88-6F64-4786-B7A7-B64A358A7E2A}.Release|x86.Build.0 = Release|Any CPU
		{9C3B189D-39EB-4B02-A6CE-134C17855CDF}.Debug|Any CPU.ActiveCfg = Debug
		{9C3B189D-39EB-4B02-A6CE-134C17855CDF}.Debug|ARM.ActiveCfg = Debug
		{9C3B189D-39EB-4B02-A6CE-134C17855CDF}.Debug|ARM64.ActiveCfg = Debug
		{9C3B189D-39EB-4B02-A6CE-134C17855CDF}.Debug|x64.ActiveCfg = Debug
		{9C3B189D-39EB-4B02-A6CE-134C17855CDF}.Debug|x86.ActiveCfg = Debug
		{9C3B189D-39EB-4B02-A6CE-134C17855CDF}.Release|Any CPU.ActiveCfg = Release
		{9C3B189D-39EB-4B02-A6CE-134C17855CDF}.Release|ARM.ActiveCfg = Release
		{9C3B189D-39EB-4B02-A6CE-134C17855CDF}.Release|ARM64.ActiveCfg = Release
		{9C3B189D-39EB-4B02-A6CE-134C17855CDF}.Release|x64.ActiveCfg = Release
		{9C3B189D-39EB-4B02-A6CE-134C17855CDF}.Release|x86.ActiveCfg = Release
	EndGlobalSection
	GlobalSection(SolutionProperties) = preSolution
		HideSolutionNode = FALSE
	EndGlobalSection
	GlobalSection(ExtensibilityGlobals) = postSolution
		SolutionGuid = {CC399436-07FA-4F92-AD3B-2FF07F42ED67}
	EndGlobalSection
EndGlobal
